Microsoft Visual Studio Solution File, Format Version 12.00
# Visual Studio Version 17
VisualStudioVersion = 17.5.2.0
MinimumVisualStudioVersion = 10.0.40219.1
Project("{FAE04EC0-301F-11D3-BF4B-00C04F79EFBC}") = "NaviMovieMaker.App", "NaviMovieMaker.App\NaviMovieMaker.App.csproj", "{8387B288-2190-03E0-D2B9-08DAF37E67B1}"
EndProject
Project("{FAE04EC0-301F-11D3-BF4B-00C04F79EFBC}") = "NaviMovieMaker.Tests", "NaviMovieMaker.Tests\NaviMovieMaker.Tests.csproj", "{A66D2E27-748E-4E11-939D-E508E1D6D73F}"
EndProject
Global
	GlobalSection(SolutionConfigurationPlatforms) = preSolution
		Debug|Any CPU = Debug|Any CPU
		Release|Any CPU = Release|Any CPU
	EndGlobalSection
	GlobalSection(ProjectConfigurationPlatforms) = postSolution
		{8387B288-2190-03E0-D2B9-08DAF37E67B1}.Debug|Any CPU.ActiveCfg = Debug|Any CPU
		{8387B288-2190-03E0-D2B9-08DAF37E67B1}.Debug|Any CPU.Build.0 = Debug|Any CPU
		{8387B288-2190-03E0-D2B9-08DAF37E67B1}.Release|Any CPU.ActiveCfg = Release|Any CPU
		{8387B288-2190-03E0-D2B9-08DAF37E67B1}.Release|Any CPU.Build.0 = Release|Any CPU
		{A66D2E27-748E-4E11-939D-E508E1D6D73F}.Debug|Any CPU.ActiveCfg = Debug|Any CPU
		{A66D2E27-748E-4E11-939D-E508E1D6D73F}.Debug|Any CPU.Build.0 = Debug|Any CPU
		{A66D2E27-748E-4E11-939D-E508E1D6D73F}.Release|Any CPU.ActiveCfg = Release|Any CPU
		{A66D2E27-748E-4E11-939D-E508E1D6D73F}.Release|Any CPU.Build.0 = Release|Any CPU
	EndGlobalSection
	GlobalSection(SolutionProperties) = preSolution
		HideSolutionNode = FALSE
	EndGlobalSection
	GlobalSection(ExtensibilityGlobals) = postSolution
		SolutionGuid = {612DA75D-DBD0-4BEA-9158-0AF9B3FDA622}
	EndGlobalSection
EndGlobal
